PODS:
  - Alamofire (4.8.2)
  - FAPanels (1.0.2)
  - SDWebImage (4.4.6):
    - SDWebImage/Core (= 4.4.6)
  - SDWebImage/Core (4.4.6)

DEPENDENCIES:
  - Alamofire
  - FAPanels
  - SDWebImage

SPEC REPOS:
  https://github.com/cocoapods/specs.git:
    - Alamofire
    - FAPanels
    - SDWebImage

SPEC CHECKSUMS:
  Alamofire: ae5c501addb7afdbb13687d7f2f722c78734c2d3
  FAPanels: 520037c53f4ded152e8e6103d97f79b644473363
  SDWebImage: 3f3f0c02f09798048c47a5ed0a13f17b063572d8

PODFILE CHECKSUM: d8ffa575e57ed26d9f9c72fc818c4c682eb8c63c

COCOAPODS: 1.5.3
