// !$*UTF8*$!
{
	archiveVersion = 1;
	classes = {
	};
	objectVersion = 50;
	objects = {

/* Begin PBXBuildFile section */
		BE59C000173BC9EBC7F6D461 /* Pods_MarvelHeroes.framework in Frameworks */ = {isa = PBXBuildFile; fileRef = 8302C950C920BD8DE02C7F0A /* Pods_MarvelHeroes.framework */; };
		C661CA8A2201E4C700D939DB /* AppDelegate.swift in Sources */ = {isa = PBXBuildFile; fileRef = C661CA892201E4C700D939DB /* AppDelegate.swift */; };
		C661CA8F2201E4C700D939DB /* Main.storyboard in Resources */ = {isa = PBXBuildFile; fileRef = C661CA8D2201E4C700D939DB /* Main.storyboard */; };
		C661CA912201E4CB00D939DB /* Assets.xcassets in Resources */ = {isa = PBXBuildFile; fileRef = C661CA902201E4CB00D939DB /* Assets.xcassets */; };
		C661CA942201E4CB00D939DB /* LaunchScreen.storyboard in Resources */ = {isa = PBXBuildFile; fileRef = C661CA922201E4CB00D939DB /* LaunchScreen.storyboard */; };
		C6F3499D2214B50400549296 /* CharactersCommunicator.swift in Sources */ = {isa = PBXBuildFile; fileRef = C6F3499C2214B50400549296 /* CharactersCommunicator.swift */; };
		FCCFB0152214A87E001013DE /* DataModel.swift in Sources */ = {isa = PBXBuildFile; fileRef = FCCFB00C2214A87D001013DE /* DataModel.swift */; };
		FCCFB0162214A87E001013DE /* HeroesTableVC.swift in Sources */ = {isa = PBXBuildFile; fileRef = FCCFB00E2214A87D001013DE /* HeroesTableVC.swift */; };
		FCCFB0172214A87E001013DE /* WebVC.swift in Sources */ = {isa = PBXBuildFile; fileRef = FCCFB00F2214A87E001013DE /* WebVC.swift */; };
		FCCFB0182214A87E001013DE /* HeroTableViewCell.swift in Sources */ = {isa = PBXBuildFile; fileRef = FCCFB0102214A87E001013DE /* HeroTableViewCell.swift */; };
		FCCFB0192214A87E001013DE /* Router.swift in Sources */ = {isa = PBXBuildFile; fileRef = FCCFB0122214A87E001013DE /* Router.swift */; };
		FCCFB01A2214A87E001013DE /* HeroesViewModel.swift in Sources */ = {isa = PBXBuildFile; fileRef = FCCFB0142214A87E001013DE /* HeroesViewModel.swift */; };
/* End PBXBuildFile section */

/* Begin PBXFileReference section */
		58CC18AC2203A2EA000590CE /* Woman.jpg */ = {isa = PBXFileReference; lastKnownFileType = image.jpeg; path = Woman.jpg; sourceTree = "<group>"; };
		8302C950C920BD8DE02C7F0A /* Pods_MarvelHeroes.framework */ = {isa = PBXFileReference; explicitFileType = wrapper.framework; includeInIndex = 0; path = Pods_MarvelHeroes.framework; sourceTree = BUILT_PRODUCTS_DIR; };
		8AF58D5EC175C3C24A48855A /* Pods-MarvelHeroes.debug.xcconfig */ = {isa = PBXFileReference; includeInIndex = 1; lastKnownFileType = text.xcconfig; name = "Pods-MarvelHeroes.debug.xcconfig"; path = "Pods/Target Support Files/Pods-MarvelHeroes/Pods-MarvelHeroes.debug.xcconfig"; sourceTree = "<group>"; };
		C661CA862201E4C700D939DB /* MarvelHeroes.app */ = {isa = PBXFileReference; explicitFileType = wrapper.application; includeInIndex = 0; path = MarvelHeroes.app; sourceTree = BUILT_PRODUCTS_DIR; };
		C661CA892201E4C700D939DB /* AppDelegate.swift */ = {isa = PBXFileReference; lastKnownFileType = sourcecode.swift; path = AppDelegate.swift; sourceTree = "<group>"; };
		C661CA8E2201E4C700D939DB /* Base */ = {isa = PBXFileReference; lastKnownFileType = file.storyboard; name = Base; path = Base.lproj/Main.storyboard; sourceTree = "<group>"; };
		C661CA902201E4CB00D939DB /* Assets.xcassets */ = {isa = PBXFileReference; lastKnownFileType = folder.assetcatalog; path = Assets.xcassets; sourceTree = "<group>"; };
		C661CA932201E4CB00D939DB /* Base */ = {isa = PBXFileReference; lastKnownFileType = file.storyboard; name = Base; path = Base.lproj/LaunchScreen.storyboard; sourceTree = "<group>"; };
		C661CA952201E4CB00D939DB /* Info.plist */ = {isa = PBXFileReference; lastKnownFileType = text.plist.xml; path = Info.plist; sourceTree = "<group>"; };
		C6F3499C2214B50400549296 /* CharactersCommunicator.swift */ = {isa = PBXFileReference; lastKnownFileType = sourcecode.swift; path = CharactersCommunicator.swift; sourceTree = "<group>"; };
		EB850EFC1B2BDD9B7C93378E /* Pods-MarvelHeroes.release.xcconfig */ = {isa = PBXFileReference; includeInIndex = 1; lastKnownFileType = text.xcconfig; name = "Pods-MarvelHeroes.release.xcconfig"; path = "Pods/Target Support Files/Pods-MarvelHeroes/Pods-MarvelHeroes.release.xcconfig"; sourceTree = "<group>"; };
		FCCFB00C2214A87D001013DE /* DataModel.swift */ = {isa = PBXFileReference; fileEncoding = 4; lastKnownFileType = sourcecode.swift; path = DataModel.swift; sourceTree = "<group>"; };
		FCCFB00E2214A87D001013DE /* HeroesTableVC.swift */ = {isa = PBXFileReference; fileEncoding = 4; lastKnownFileType = sourcecode.swift; path = HeroesTableVC.swift; sourceTree = "<group>"; };
		FCCFB00F2214A87E001013DE /* WebVC.swift */ = {isa = PBXFileReference; fileEncoding = 4; lastKnownFileType = sourcecode.swift; path = WebVC.swift; sourceTree = "<group>"; };
		FCCFB0102214A87E001013DE /* HeroTableViewCell.swift */ = {isa = PBXFileReference; fileEncoding = 4; lastKnownFileType = sourcecode.swift; path = HeroTableViewCell.swift; sourceTree = "<group>"; };
		FCCFB0122214A87E001013DE /* Router.swift */ = {isa = PBXFileReference; fileEncoding = 4; lastKnownFileType = sourcecode.swift; path = Router.swift; sourceTree = "<group>"; };
		FCCFB0142214A87E001013DE /* HeroesViewModel.swift */ = {isa = PBXFileReference; fileEncoding = 4; lastKnownFileType = sourcecode.swift; path = HeroesViewModel.swift; sourceTree = "<group>"; };
/* End PBXFileReference section */

/* Begin PBXFrameworksBuildPhase section */
		C661CA832201E4C700D939DB /* Frameworks */ = {
			isa = PBXFrameworksBuildPhase;
			buildActionMask = 2147483647;
			files = (
				BE59C000173BC9EBC7F6D461 /* Pods_MarvelHeroes.framework in Frameworks */,
			);
			runOnlyForDeploymentPostprocessing = 0;
		};
/* End PBXFrameworksBuildPhase section */

/* Begin PBXGroup section */
		58CC18AB2203A2DF000590CE /* Support files */ = {
			isa = PBXGroup;
			children = (
				C661CA952201E4CB00D939DB /* Info.plist */,
				C661CA892201E4C700D939DB /* AppDelegate.swift */,
				C661CA8D2201E4C700D939DB /* Main.storyboard */,
				C661CA922201E4CB00D939DB /* LaunchScreen.storyboard */,
				C661CA902201E4CB00D939DB /* Assets.xcassets */,
				58CC18AC2203A2EA000590CE /* Woman.jpg */,
			);
			path = "Support files";
			sourceTree = "<group>";
		};
		7589586AEFDDD5DF22B5A6E8 /* Frameworks */ = {
			isa = PBXGroup;
			children = (
				8302C950C920BD8DE02C7F0A /* Pods_MarvelHeroes.framework */,
			);
			name = Frameworks;
			sourceTree = "<group>";
		};
		7BE527CBFB517FB12FB72514 /* Pods */ = {
			isa = PBXGroup;
			children = (
				8AF58D5EC175C3C24A48855A /* Pods-MarvelHeroes.debug.xcconfig */,
				EB850EFC1B2BDD9B7C93378E /* Pods-MarvelHeroes.release.xcconfig */,
			);
			name = Pods;
			sourceTree = "<group>";
		};
		C661CA7D2201E4C700D939DB = {
			isa = PBXGroup;
			children = (
				C661CA882201E4C700D939DB /* MarvelHeroes */,
				C661CA872201E4C700D939DB /* Products */,
				7BE527CBFB517FB12FB72514 /* Pods */,
				7589586AEFDDD5DF22B5A6E8 /* Frameworks */,
			);
			sourceTree = "<group>";
		};
		C661CA872201E4C700D939DB /* Products */ = {
			isa = PBXGroup;
			children = (
				C661CA862201E4C700D939DB /* MarvelHeroes.app */,
			);
			name = Products;
			sourceTree = "<group>";
		};
		C661CA882201E4C700D939DB /* MarvelHeroes */ = {
			isa = PBXGroup;
			children = (
				C6F3499B2214B4E000549296 /* Communicators */,
				FCCFB00B2214A87D001013DE /* DataModel */,
				FCCFB0112214A87E001013DE /* RESTAPILayer */,
				FCCFB00D2214A87D001013DE /* UILayer */,
				FCCFB0132214A87E001013DE /* ViewModelLayer */,
				58CC18AB2203A2DF000590CE /* Support files */,
			);
			path = MarvelHeroes;
			sourceTree = "<group>";
		};
		C6F3499B2214B4E000549296 /* Communicators */ = {
			isa = PBXGroup;
			children = (
				C6F3499C2214B50400549296 /* CharactersCommunicator.swift */,
			);
			path = Communicators;
			sourceTree = "<group>";
		};
		FCCFB00B2214A87D001013DE /* DataModel */ = {
			isa = PBXGroup;
			children = (
				FCCFB00C2214A87D001013DE /* DataModel.swift */,
			);
			path = DataModel;
			sourceTree = "<group>";
		};
		FCCFB00D2214A87D001013DE /* UILayer */ = {
			isa = PBXGroup;
			children = (
				FCCFB00E2214A87D001013DE /* HeroesTableVC.swift */,
				FCCFB00F2214A87E001013DE /* WebVC.swift */,
				FCCFB0102214A87E001013DE /* HeroTableViewCell.swift */,
			);
			path = UILayer;
			sourceTree = "<group>";
		};
		FCCFB0112214A87E001013DE /* RESTAPILayer */ = {
			isa = PBXGroup;
			children = (
				FCCFB0122214A87E001013DE /* Router.swift */,
			);
			path = RESTAPILayer;
			sourceTree = "<group>";
		};
		FCCFB0132214A87E001013DE /* ViewModelLayer */ = {
			isa = PBXGroup;
			children = (
				FCCFB0142214A87E001013DE /* HeroesViewModel.swift */,
			);
			path = ViewModelLayer;
			sourceTree = "<group>";
		};
/* End PBXGroup section */

/* Begin PBXNativeTarget section */
		C661CA852201E4C700D939DB /* MarvelHeroes */ = {
			isa = PBXNativeTarget;
			buildConfigurationList = C661CA982201E4CB00D939DB /* Build configuration list for PBXNativeTarget "MarvelHeroes" */;
			buildPhases = (
				3B35790C822ABC9B5843DD67 /* [CP] Check Pods Manifest.lock */,
				C661CA822201E4C700D939DB /* Sources */,
				C661CA832201E4C700D939DB /* Frameworks */,
				C661CA842201E4C700D939DB /* Resources */,
				6355925E9D33E7EAB25E9B4B /* [CP] Embed Pods Frameworks */,
			);
			buildRules = (
			);
			dependencies = (
			);
			name = MarvelHeroes;
			productName = MarvelHeroes;
			productReference = C661CA862201E4C700D939DB /* MarvelHeroes.app */;
			productType = "com.apple.product-type.application";
		};
/* End PBXNativeTarget section */

/* Begin PBXProject section */
		C661CA7E2201E4C700D939DB /* Project object */ = {
			isa = PBXProject;
			attributes = {
				LastSwiftUpdateCheck = 1010;
				LastUpgradeCheck = 1010;
				ORGANIZATIONNAME = ket;
				TargetAttributes = {
					C661CA852201E4C700D939DB = {
						CreatedOnToolsVersion = 10.1;
					};
				};
			};
			buildConfigurationList = C661CA812201E4C700D939DB /* Build configuration list for PBXProject "MarvelHeroes" */;
			compatibilityVersion = "Xcode 9.3";
			developmentRegion = en;
			hasScannedForEncodings = 0;
			knownRegions = (
				en,
				Base,
			);
			mainGroup = C661CA7D2201E4C700D939DB;
			productRefGroup = C661CA872201E4C700D939DB /* Products */;
			projectDirPath = "";
			projectRoot = "";
			targets = (
				C661CA852201E4C700D939DB /* MarvelHeroes */,
			);
		};
/* End PBXProject section */

/* Begin PBXResourcesBuildPhase section */
		C661CA842201E4C700D939DB /* Resources */ = {
			isa = PBXResourcesBuildPhase;
			buildActionMask = 2147483647;
			files = (
				C661CA942201E4CB00D939DB /* LaunchScreen.storyboard in Resources */,
				C661CA912201E4CB00D939DB /* Assets.xcassets in Resources */,
				C661CA8F2201E4C700D939DB /* Main.storyboard in Resources */,
			);
			runOnlyForDeploymentPostprocessing = 0;
		};
/* End PBXResourcesBuildPhase section */

/* Begin PBXShellScriptBuildPhase section */
		3B35790C822ABC9B5843DD67 /* [CP] Check Pods Manifest.lock */ = {
			isa = PBXShellScriptBuildPhase;
			buildActionMask = 2147483647;
			files = (
			);
			inputFileListPaths = (
			);
			inputPaths = (
				"${PODS_PODFILE_DIR_PATH}/Podfile.lock",
				"${PODS_ROOT}/Manifest.lock",
			);
			name = "[CP] Check Pods Manifest.lock";
			outputFileListPaths = (
			);
			outputPaths = (
				"$(DERIVED_FILE_DIR)/Pods-MarvelHeroes-checkManifestLockResult.txt",
			);
			runOnlyForDeploymentPostprocessing = 0;
			shellPath = /bin/sh;
			shellScript = "diff \"${PODS_PODFILE_DIR_PATH}/Podfile.lock\" \"${PODS_ROOT}/Manifest.lock\" > /dev/null\nif [ $? != 0 ] ; then\n    # print error to STDERR\n    echo \"error: The sandbox is not in sync with the Podfile.lock. Run 'pod install' or update your CocoaPods installation.\" >&2\n    exit 1\nfi\n# This output is used by Xcode 'outputs' to avoid re-running this script phase.\necho \"SUCCESS\" > \"${SCRIPT_OUTPUT_FILE_0}\"\n";
			showEnvVarsInLog = 0;
		};
		6355925E9D33E7EAB25E9B4B /* [CP] Embed Pods Frameworks */ = {
			isa = PBXShellScriptBuildPhase;
			buildActionMask = 2147483647;
			files = (
			);
			inputFileListPaths = (
			);
			inputPaths = (
				"${PODS_ROOT}/Target Support Files/Pods-MarvelHeroes/Pods-MarvelHeroes-frameworks.sh",
				"${BUILT_PRODUCTS_DIR}/Alamofire/Alamofire.framework",
				"${BUILT_PRODUCTS_DIR}/SDWebImage/SDWebImage.framework",
			);
			name = "[CP] Embed Pods Frameworks";
			outputFileListPaths = (
			);
			outputPaths = (
				"${TARGET_BUILD_DIR}/${FRAMEWORKS_FOLDER_PATH}/Alamofire.framework",
				"${TARGET_BUILD_DIR}/${FRAMEWORKS_FOLDER_PATH}/SDWebImage.framework",
			);
			runOnlyForDeploymentPostprocessing = 0;
			shellPath = /bin/sh;
			shellScript = "\"${PODS_ROOT}/Target Support Files/Pods-MarvelHeroes/Pods-MarvelHeroes-frameworks.sh\"\n";
			showEnvVarsInLog = 0;
		};
/* End PBXShellScriptBuildPhase section */

/* Begin PBXSourcesBuildPhase section */
		C661CA822201E4C700D939DB /* Sources */ = {
			isa = PBXSourcesBuildPhase;
			buildActionMask = 2147483647;
			files = (
				C6F3499D2214B50400549296 /* CharactersCommunicator.swift in Sources */,
				C661CA8A2201E4C700D939DB /* AppDelegate.swift in Sources */,
				FCCFB0172214A87E001013DE /* WebVC.swift in Sources */,
				FCCFB0162214A87E001013DE /* HeroesTableVC.swift in Sources */,
				FCCFB0152214A87E001013DE /* DataModel.swift in Sources */,
				FCCFB0192214A87E001013DE /* Router.swift in Sources */,
				FCCFB0182214A87E001013DE /* HeroTableViewCell.swift in Sources */,
				FCCFB01A2214A87E001013DE /* HeroesViewModel.swift in Sources */,
			);
			runOnlyForDeploymentPostprocessing = 0;
		};
/* End PBXSourcesBuildPhase section */

/* Begin PBXVariantGroup section */
		C661CA8D2201E4C700D939DB /* Main.storyboard */ = {
			isa = PBXVariantGroup;
			children = (
				C661CA8E2201E4C700D939DB /* Base */,
			);
			name = Main.storyboard;
			sourceTree = "<group>";
		};
		C661CA922201E4CB00D939DB /* LaunchScreen.storyboard */ = {
			isa = PBXVariantGroup;
			children = (
				C661CA932201E4CB00D939DB /* Base */,
			);
			name = LaunchScreen.storyboard;
			sourceTree = "<group>";
		};
/* End PBXVariantGroup section */

/* Begin XCBuildConfiguration section */
		C661CA962201E4CB00D939DB /* Debug */ = {
			isa = XCBuildConfiguration;
			buildSettings = {
				ALWAYS_SEARCH_USER_PATHS = NO;
				CLANG_ANALYZER_NONNULL = YES;
				CLANG_ANALYZER_NUMBER_OBJECT_CONVERSION = YES_AGGRESSIVE;
				CLANG_CXX_LANGUAGE_STANDARD = "gnu++14";
				CLANG_CXX_LIBRARY = "libc++";
				CLANG_ENABLE_MODULES = YES;
				CLANG_ENABLE_OBJC_ARC = YES;
				CLANG_ENABLE_OBJC_WEAK = YES;
				CLANG_WARN_BLOCK_CAPTURE_AUTORELEASING = YES;
				CLANG_WARN_BOOL_CONVERSION = YES;
				CLANG_WARN_COMMA = YES;
				CLANG_WARN_CONSTANT_CONVERSION = YES;
				CLANG_WARN_DEPRECATED_OBJC_IMPLEMENTATIONS = YES;
				CLANG_WARN_DIRECT_OBJC_ISA_USAGE = YES_ERROR;
				CLANG_WARN_DOCUMENTATION_COMMENTS = YES;
				CLANG_WARN_EMPTY_BODY = YES;
				CLANG_WARN_ENUM_CONVERSION = YES;
				CLANG_WARN_INFINITE_RECURSION = YES;
				CLANG_WARN_INT_CONVERSION = YES;
				CLANG_WARN_NON_LITERAL_NULL_CONVERSION = YES;
				CLANG_WARN_OBJC_IMPLICIT_RETAIN_SELF = YES;
				CLANG_WARN_OBJC_LITERAL_CONVERSION = YES;
				CLANG_WARN_OBJC_ROOT_CLASS = YES_ERROR;
				CLANG_WARN_RANGE_LOOP_ANALYSIS = YES;
				CLANG_WARN_STRICT_PROTOTYPES = YES;
				CLANG_WARN_SUSPICIOUS_MOVE = YES;
				CLANG_WARN_UNGUARDED_AVAILABILITY = YES_AGGRESSIVE;
				CLANG_WARN_UNREACHABLE_CODE = YES;
				CLANG_WARN__DUPLICATE_METHOD_MATCH = YES;
				CODE_SIGN_IDENTITY = "iPhone Developer";
				COPY_PHASE_STRIP = NO;
				DEBUG_INFORMATION_FORMAT = dwarf;
				ENABLE_STRICT_OBJC_MSGSEND = YES;
				ENABLE_TESTABILITY = YES;
				GCC_C_LANGUAGE_STANDARD = gnu11;
				GCC_DYNAMIC_NO_PIC = NO;
				GCC_NO_COMMON_BLOCKS = YES;
				GCC_OPTIMIZATION_LEVEL = 0;
				GCC_PREPROCESSOR_DEFINITIONS = (
					"DEBUG=1",
					"$(inherited)",
				);
				GCC_WARN_64_TO_32_BIT_CONVERSION = YES;
				GCC_WARN_ABOUT_RETURN_TYPE = YES_ERROR;
				GCC_WARN_UNDECLARED_SELECTOR = YES;
				GCC_WARN_UNINITIALIZED_AUTOS = YES_AGGRESSIVE;
				GCC_WARN_UNUSED_FUNCTION = YES;
				GCC_WARN_UNUSED_VARIABLE = YES;
				IPHONEOS_DEPLOYMENT_TARGET = 12.1;
				MTL_ENABLE_DEBUG_INFO = INCLUDE_SOURCE;
				MTL_FAST_MATH = YES;
				ONLY_ACTIVE_ARCH = YES;
				SDKROOT = iphoneos;
				SWIFT_ACTIVE_COMPILATION_CONDITIONS = DEBUG;
				SWIFT_OPTIMIZATION_LEVEL = "-Onone";
			};
			name = Debug;
		};
		C661CA972201E4CB00D939DB /* Release */ = {
			isa = XCBuildConfiguration;
			buildSettings = {
				ALWAYS_SEARCH_USER_PATHS = NO;
				CLANG_ANALYZER_NONNULL = YES;
				CLANG_ANALYZER_NUMBER_OBJECT_CONVERSION = YES_AGGRESSIVE;
				CLANG_CXX_LANGUAGE_STANDARD = "gnu++14";
				CLANG_CXX_LIBRARY = "libc++";
				CLANG_ENABLE_MODULES = YES;
				CLANG_ENABLE_OBJC_ARC = YES;
				CLANG_ENABLE_OBJC_WEAK = YES;
				CLANG_WARN_BLOCK_CAPTURE_AUTORELEASING = YES;
				CLANG_WARN_BOOL_CONVERSION = YES;
				CLANG_WARN_COMMA = YES;
				CLANG_WARN_CONSTANT_CONVERSION = YES;
				CLANG_WARN_DEPRECATED_OBJC_IMPLEMENTATIONS = YES;
				CLANG_WARN_DIRECT_OBJC_ISA_USAGE = YES_ERROR;
				CLANG_WARN_DOCUMENTATION_COMMENTS = YES;
				CLANG_WARN_EMPTY_BODY = YES;
				CLANG_WARN_ENUM_CONVERSION = YES;
				CLANG_WARN_INFINITE_RECURSION = YES;
				CLANG_WARN_INT_CONVERSION = YES;
				CLANG_WARN_NON_LITERAL_NULL_CONVERSION = YES;
				CLANG_WARN_OBJC_IMPLICIT_RETAIN_SELF = YES;
				CLANG_WARN_OBJC_LITERAL_CONVERSION = YES;
				CLANG_WARN_OBJC_ROOT_CLASS = YES_ERROR;
				CLANG_WARN_RANGE_LOOP_ANALYSIS = YES;
				CLANG_WARN_STRICT_PROTOTYPES = YES;
				CLANG_WARN_SUSPICIOUS_MOVE = YES;
				CLANG_WARN_UNGUARDED_AVAILABILITY = YES_AGGRESSIVE;
				CLANG_WARN_UNREACHABLE_CODE = YES;
				CLANG_WARN__DUPLICATE_METHOD_MATCH = YES;
				CODE_SIGN_IDENTITY = "iPhone Developer";
				COPY_PHASE_STRIP = NO;
				DEBUG_INFORMATION_FORMAT = "dwarf-with-dsym";
				ENABLE_NS_ASSERTIONS = NO;
				ENABLE_STRICT_OBJC_MSGSEND = YES;
				GCC_C_LANGUAGE_STANDARD = gnu11;
				GCC_NO_COMMON_BLOCKS = YES;
				GCC_WARN_64_TO_32_BIT_CONVERSION = YES;
				GCC_WARN_ABOUT_RETURN_TYPE = YES_ERROR;
				GCC_WARN_UNDECLARED_SELECTOR = YES;
				GCC_WARN_UNINITIALIZED_AUTOS = YES_AGGRESSIVE;
				GCC_WARN_UNUSED_FUNCTION = YES;
				GCC_WARN_UNUSED_VARIABLE = YES;
				IPHONEOS_DEPLOYMENT_TARGET = 12.1;
				MTL_ENABLE_DEBUG_INFO = NO;
				MTL_FAST_MATH = YES;
				SDKROOT = iphoneos;
				SWIFT_COMPILATION_MODE = wholemodule;
				SWIFT_OPTIMIZATION_LEVEL = "-O";
				VALIDATE_PRODUCT = YES;
			};
			name = Release;
		};
		C661CA992201E4CB00D939DB /* Debug */ = {
			isa = XCBuildConfiguration;
			baseConfigurationReference = 8AF58D5EC175C3C24A48855A /* Pods-MarvelHeroes.debug.xcconfig */;
			buildSettings = {
				ASSETCATALOG_COMPILER_APPICON_NAME = AppIcon;
				CODE_SIGN_STYLE = Automatic;
				DEVELOPMENT_TEAM = 6XQEL482C4;
				INFOPLIST_FILE = "$(SRCROOT)/MarvelHeroes/Support files/Info.plist";
				IPHONEOS_DEPLOYMENT_TARGET = 12.1;
				LD_RUNPATH_SEARCH_PATHS = (
					"$(inherited)",
					"@executable_path/Frameworks",
				);
				PRODUCT_BUNDLE_IDENTIFIER = ket.MarvelHeroes;
				PRODUCT_NAME = "$(TARGET_NAME)";
				SWIFT_VERSION = 4.2;
				TARGETED_DEVICE_FAMILY = "1,2";
			};
			name = Debug;
		};
		C661CA9A2201E4CB00D939DB /* Release */ = {
			isa = XCBuildConfiguration;
			baseConfigurationReference = EB850EFC1B2BDD9B7C93378E /* Pods-MarvelHeroes.release.xcconfig */;
			buildSettings = {
				ASSETCATALOG_COMPILER_APPICON_NAME = AppIcon;
				CODE_SIGN_STYLE = Automatic;
				DEVELOPMENT_TEAM = 6XQEL482C4;
				INFOPLIST_FILE = "$(SRCROOT)/MarvelHeroes/Support files/Info.plist";
				IPHONEOS_DEPLOYMENT_TARGET = 12.1;
				LD_RUNPATH_SEARCH_PATHS = (
					"$(inherited)",
					"@executable_path/Frameworks",
				);
				PRODUCT_BUNDLE_IDENTIFIER = ket.MarvelHeroes;
				PRODUCT_NAME = "$(TARGET_NAME)";
				SWIFT_VERSION = 4.2;
				TARGETED_DEVICE_FAMILY = "1,2";
			};
			name = Release;
		};
/* End XCBuildConfiguration section */

/* Begin XCConfigurationList section */
		C661CA812201E4C700D939DB /* Build configuration list for PBXProject "MarvelHeroes" */ = {
			isa = XCConfigurationList;
			buildConfigurations = (
				C661CA962201E4CB00D939DB /* Debug */,
				C661CA972201E4CB00D939DB /* Release */,
			);
			defaultConfigurationIsVisible = 0;
			defaultConfigurationName = Release;
		};
		C661CA982201E4CB00D939DB /* Build configuration list for PBXNativeTarget "MarvelHeroes" */ = {
			isa = XCConfigurationList;
			buildConfigurations = (
				C661CA992201E4CB00D939DB /* Debug */,
				C661CA9A2201E4CB00D939DB /* Release */,
			);
			defaultConfigurationIsVisible = 0;
			defaultConfigurationName = Release;
		};
/* End XCConfigurationList section */
	};
	rootObject = C661CA7E2201E4C700D939DB /* Project object */;
}
